
Microsoft Visual Studio Solution File, Format Version 12.00
# Visual Studio Version 18
VisualStudioVersion = 18.0.11222.15 d18.0
MinimumVisualStudioVersion = 10.0.40219.1
Project("{2150E333-8FDC-42A3-9474-1A3956D46DE8}") = "Solution Items", "Solution Items", "{BA4EBCFC-EC58-41DE-8AEB-C7DF66BAE0AA}"
	ProjectSection(SolutionItems) = preProject
		README.md = README.md
	EndProjectSection
EndProject
Project("{2150E333-8FDC-42A3-9474-1A3956D46DE8}") = "1. PRESENTATIONS", "1. PRESENTATIONS", "{F8377D74-D854-4E14-9D54-D594AA1F246D}"
EndProject
Project("{2150E333-8FDC-42A3-9474-1A3956D46DE8}") = "2. SERVICES", "2. SERVICES", "{B71249DD-7170-48D2-8203-89275C2BBB9C}"
EndProject
Project("{2150E333-8FDC-42A3-9474-1A3956D46DE8}") = "3. APPLICATIONS", "3. APPLICATIONS", "{56505DCD-66D5-48F5-B577-DB1E3923EBCB}"
EndProject
Project("{2150E333-8FDC-42A3-9474-1A3956D46DE8}") = "4. DOMAIN", "4. DOMAIN", "{E2A4A874-4698-4B75-AC42-B6E3D7ACA1D1}"
EndProject
Project("{2150E333-8FDC-42A3-9474-1A3956D46DE8}") = "5. DATA", "5. DATA", "{45D432AF-9E44-49BA-8B94-0EA68A7B3DE2}"
EndProject
Project("{2150E333-8FDC-42A3-9474-1A3956D46DE8}") = "6. INFRASTRUCTURE", "6. INFRASTRUCTURE", "{3BF32BC1-BE68-4ED0-92B4-2E861A463E0C}"
EndProject
Project("{2150E333-8FDC-42A3-9474-1A3956D46DE8}") = "7. UTILITIES", "7. UTILITIES", "{90FD77E1-EDF7-417D-8CB9-28CDDF83EF75}"
EndProject
Project("{2150E333-8FDC-42A3-9474-1A3956D46DE8}") = "8. DATABASES", "8. DATABASES", "{C0D16B8B-DA79-4DC6-9ED0-161B49568048}"
EndProject
Project("{2150E333-8FDC-42A3-9474-1A3956D46DE8}") = "9. UNIT TESTS", "9. UNIT TESTS", "{A2AE6370-DB79-4381-9105-62708CF98D00}"
EndProject
Project("{00D1A9C2-B5F0-4AF3-8072-F6C62B433612}") = "db_persons", "db_persons\db_persons.sqlproj", "{45F5CD21-77F5-4FF3-B1FE-3D723127E990}"
EndProject
Project("{888888A0-9F3D-457C-B088-3A5042F75D52}") = "lib_utilities", "lib_utilities\lib_utilities.pyproj", "{749D217A-B541-428F-A9FD-AD9DAFAB9208}"
EndProject
Project("{888888A0-9F3D-457C-B088-3A5042F75D52}") = "lib_infrastructure", "lib_infrastructure\lib_infrastructure.pyproj", "{29F850CF-1706-40FF-B617-B68CAE183FE2}"
EndProject
Project("{888888A0-9F3D-457C-B088-3A5042F75D52}") = "lib_data_context", "lib_data_context\lib_data_context.pyproj", "{76CC5D6D-BD66-4FA9-88EC-0886A6228EB3}"
EndProject
Project("{888888A0-9F3D-457C-B088-3A5042F75D52}") = "lib_data_core", "lib_data_core\lib_data_core.pyproj", "{5442F9E4-83AE-4FAC-B139-A0A119833091}"
EndProject
Project("{888888A0-9F3D-457C-B088-3A5042F75D52}") = "lib_domain_context", "lib_domain_context\lib_domain_context.pyproj", "{F6978764-FA6A-4375-9078-1CB6D0501B02}"
EndProject
Project("{888888A0-9F3D-457C-B088-3A5042F75D52}") = "lib_domain_entities", "lib_domain_entities\lib_domain_entities.pyproj", "{8A96CA69-EA02-4DBE-8295-D20A3A4E9B95}"
EndProject
Project("{888888A0-9F3D-457C-B088-3A5042F75D52}") = "lib_application_context", "lib_application_context\lib_application_context.pyproj", "{6F088F19-A05A-4BBF-B117-B0FDC4837986}"
EndProject
Project("{888888A0-9F3D-457C-B088-3A5042F75D52}") = "lib_application_core", "lib_application_core\lib_application_core.pyproj", "{F1F21F26-40BC-4FAA-9853-90C0365D91FC}"
EndProject
Project("{2150E333-8FDC-42A3-9474-1A3956D46DE8}") = "2.2 Web Services", "2.2 Web Services", "{5B0B7D57-80B0-4425-8A9F-152971A47056}"
EndProject
Project("{2150E333-8FDC-42A3-9474-1A3956D46DE8}") = "2.1 Core", "2.1 Core", "{5F5CC0EE-334C-4497-9031-C95114855479}"
EndProject
Project("{2150E333-8FDC-42A3-9474-1A3956D46DE8}") = "1.1 Presentation.Core", "1.1 Presentation.Core", "{1FD97304-0D17-4543-A52D-1974E98E6869}"
EndProject
Project("{2150E333-8FDC-42A3-9474-1A3956D46DE8}") = "1.2 Presentation", "1.2 Presentation", "{E8D25A85-B3FF-44E3-B24F-E0E2679D776C}"
EndProject
Project("{2150E333-8FDC-42A3-9474-1A3956D46DE8}") = "1.3 Comunications", "1.3 Comunications", "{29DE1A0F-5CD7-4C20-9A8A-B9D65A3139B4}"
EndProject
Project("{888888A0-9F3D-457C-B088-3A5042F75D52}") = "lib_service_core", "lib_service_core\lib_service_core.pyproj", "{6B7868AB-008D-4919-BA87-6362E7477BA9}"
EndProject
Project("{888888A0-9F3D-457C-B088-3A5042F75D52}") = "srw_persons", "srw_persons\srw_persons.pyproj", "{AB5A95E2-3264-4B96-8E14-C422070923A7}"
EndProject
Global
	GlobalSection(SolutionConfigurationPlatforms) = preSolution
		Debug|Any CPU = Debug|Any CPU
		Release|Any CPU = Release|Any CPU
	EndGlobalSection
	GlobalSection(ProjectConfigurationPlatforms) = postSolution
		{45F5CD21-77F5-4FF3-B1FE-3D723127E990}.Debug|Any CPU.ActiveCfg = Debug|Any CPU
		{45F5CD21-77F5-4FF3-B1FE-3D723127E990}.Debug|Any CPU.Build.0 = Debug|Any CPU
		{45F5CD21-77F5-4FF3-B1FE-3D723127E990}.Debug|Any CPU.Deploy.0 = Debug|Any CPU
		{45F5CD21-77F5-4FF3-B1FE-3D723127E990}.Release|Any CPU.ActiveCfg = Release|Any CPU
		{45F5CD21-77F5-4FF3-B1FE-3D723127E990}.Release|Any CPU.Build.0 = Release|Any CPU
		{45F5CD21-77F5-4FF3-B1FE-3D723127E990}.Release|Any CPU.Deploy.0 = Release|Any CPU
		{749D217A-B541-428F-A9FD-AD9DAFAB9208}.Debug|Any CPU.ActiveCfg = Debug|Any CPU
		{749D217A-B541-428F-A9FD-AD9DAFAB9208}.Release|Any CPU.ActiveCfg = Release|Any CPU
		{29F850CF-1706-40FF-B617-B68CAE183FE2}.Debug|Any CPU.ActiveCfg = Debug|Any CPU
		{29F850CF-1706-40FF-B617-B68CAE183FE2}.Release|Any CPU.ActiveCfg = Release|Any CPU
		{76CC5D6D-BD66-4FA9-88EC-0886A6228EB3}.Debug|Any CPU.ActiveCfg = Debug|Any CPU
		{76CC5D6D-BD66-4FA9-88EC-0886A6228EB3}.Release|Any CPU.ActiveCfg = Release|Any CPU
		{5442F9E4-83AE-4FAC-B139-A0A119833091}.Debug|Any CPU.ActiveCfg = Debug|Any CPU
		{5442F9E4-83AE-4FAC-B139-A0A119833091}.Release|Any CPU.ActiveCfg = Release|Any CPU
		{F6978764-FA6A-4375-9078-1CB6D0501B02}.Debug|Any CPU.ActiveCfg = Debug|Any CPU
		{F6978764-FA6A-4375-9078-1CB6D0501B02}.Release|Any CPU.ActiveCfg = Release|Any CPU
		{8A96CA69-EA02-4DBE-8295-D20A3A4E9B95}.Debug|Any CPU.ActiveCfg = Debug|Any CPU
		{8A96CA69-EA02-4DBE-8295-D20A3A4E9B95}.Release|Any CPU.ActiveCfg = Release|Any CPU
		{6F088F19-A05A-4BBF-B117-B0FDC4837986}.Debug|Any CPU.ActiveCfg = Debug|Any CPU
		{6F088F19-A05A-4BBF-B117-B0FDC4837986}.Release|Any CPU.ActiveCfg = Release|Any CPU
		{F1F21F26-40BC-4FAA-9853-90C0365D91FC}.Debug|Any CPU.ActiveCfg = Debug|Any CPU
		{F1F21F26-40BC-4FAA-9853-90C0365D91FC}.Release|Any CPU.ActiveCfg = Release|Any CPU
		{6B7868AB-008D-4919-BA87-6362E7477BA9}.Debug|Any CPU.ActiveCfg = Debug|Any CPU
		{6B7868AB-008D-4919-BA87-6362E7477BA9}.Release|Any CPU.ActiveCfg = Release|Any CPU
		{AB5A95E2-3264-4B96-8E14-C422070923A7}.Debug|Any CPU.ActiveCfg = Debug|Any CPU
		{AB5A95E2-3264-4B96-8E14-C422070923A7}.Debug|Any CPU.Build.0 = Debug|Any CPU
		{AB5A95E2-3264-4B96-8E14-C422070923A7}.Release|Any CPU.ActiveCfg = Release|Any CPU
		{AB5A95E2-3264-4B96-8E14-C422070923A7}.Release|Any CPU.Build.0 = Release|Any CPU
	EndGlobalSection
	GlobalSection(SolutionProperties) = preSolution
		HideSolutionNode = FALSE
	EndGlobalSection
	GlobalSection(NestedProjects) = preSolution
		{45F5CD21-77F5-4FF3-B1FE-3D723127E990} = {C0D16B8B-DA79-4DC6-9ED0-161B49568048}
		{749D217A-B541-428F-A9FD-AD9DAFAB9208} = {90FD77E1-EDF7-417D-8CB9-28CDDF83EF75}
		{29F850CF-1706-40FF-B617-B68CAE183FE2} = {3BF32BC1-BE68-4ED0-92B4-2E861A463E0C}
		{76CC5D6D-BD66-4FA9-88EC-0886A6228EB3} = {45D432AF-9E44-49BA-8B94-0EA68A7B3DE2}
		{5442F9E4-83AE-4FAC-B139-A0A119833091} = {45D432AF-9E44-49BA-8B94-0EA68A7B3DE2}
		{F6978764-FA6A-4375-9078-1CB6D0501B02} = {E2A4A874-4698-4B75-AC42-B6E3D7ACA1D1}
		{8A96CA69-EA02-4DBE-8295-D20A3A4E9B95} = {E2A4A874-4698-4B75-AC42-B6E3D7ACA1D1}
		{6F088F19-A05A-4BBF-B117-B0FDC4837986} = {56505DCD-66D5-48F5-B577-DB1E3923EBCB}
		{F1F21F26-40BC-4FAA-9853-90C0365D91FC} = {56505DCD-66D5-48F5-B577-DB1E3923EBCB}
		{5B0B7D57-80B0-4425-8A9F-152971A47056} = {B71249DD-7170-48D2-8203-89275C2BBB9C}
		{5F5CC0EE-334C-4497-9031-C95114855479} = {B71249DD-7170-48D2-8203-89275C2BBB9C}
		{1FD97304-0D17-4543-A52D-1974E98E6869} = {F8377D74-D854-4E14-9D54-D594AA1F246D}
		{E8D25A85-B3FF-44E3-B24F-E0E2679D776C} = {F8377D74-D854-4E14-9D54-D594AA1F246D}
		{29DE1A0F-5CD7-4C20-9A8A-B9D65A3139B4} = {F8377D74-D854-4E14-9D54-D594AA1F246D}
		{6B7868AB-008D-4919-BA87-6362E7477BA9} = {5F5CC0EE-334C-4497-9031-C95114855479}
		{AB5A95E2-3264-4B96-8E14-C422070923A7} = {5B0B7D57-80B0-4425-8A9F-152971A47056}
	EndGlobalSection
	GlobalSection(ExtensibilityGlobals) = postSolution
		SolutionGuid = {573B374A-CC09-4036-8029-E40D951DCA40}
	EndGlobalSection
EndGlobal
